// !$*UTF8*$!
{
	archiveVersion = 1;
	classes = {
	};
	objectVersion = 55;
	objects = {

/* Begin PBXBuildFile section */
		333381FE27E38FE10000E217 /* AppDelegate.swift in Sources */ = {isa = PBXBuildFile; fileRef = 333381FD27E38FE10000E217 /* AppDelegate.swift */; };
		3333820027E38FE10000E217 /* SceneDelegate.swift in Sources */ = {isa = PBXBuildFile; fileRef = 333381FF27E38FE10000E217 /* SceneDelegate.swift */; };
		3333820227E38FE10000E217 /* ConversionViewController.swift in Sources */ = {isa = PBXBuildFile; fileRef = 3333820127E38FE10000E217 /* ConversionViewController.swift */; };
		3333820527E38FE10000E217 /* Main.storyboard in Resources */ = {isa = PBXBuildFile; fileRef = 3333820327E38FE10000E217 /* Main.storyboard */; };
		3333820727E38FE30000E217 /* Assets.xcassets in Resources */ = {isa = PBXBuildFile; fileRef = 3333820627E38FE30000E217 /* Assets.xcassets */; };
		3333820A27E38FE30000E217 /* LaunchScreen.storyboard in Resources */ = {isa = PBXBuildFile; fileRef = 3333820827E38FE30000E217 /* LaunchScreen.storyboard */; };
		3333821527E38FE40000E217 /* Lab06WorldTrotterTests.swift in Sources */ = {isa = PBXBuildFile; fileRef = 3333821427E38FE40000E217 /* Lab06WorldTrotterTests.swift */; };
		3333821F27E38FE40000E217 /* Lab06WorldTrotterUITests.swift in Sources */ = {isa = PBXBuildFile; fileRef = 3333821E27E38FE40000E217 /* Lab06WorldTrotterUITests.swift */; };
		3333822127E38FE40000E217 /* Lab06WorldTrotterUITestsLaunchTests.swift in Sources */ = {isa = PBXBuildFile; fileRef = 3333822027E38FE40000E217 /* Lab06WorldTrotterUITestsLaunchTests.swift */; };
/* End PBXBuildFile section */

/* Begin PBXContainerItemProxy section */
		3333821127E38FE40000E217 /* PBXContainerItemProxy */ = {
			isa = PBXContainerItemProxy;
			containerPortal = 333381F227E38FE10000E217 /* Project object */;
			proxyType = 1;
			remoteGlobalIDString = 333381F927E38FE10000E217;
			remoteInfo = Lab06WorldTrotter;
		};
		3333821B27E38FE40000E217 /* PBXContainerItemProxy */ = {
			isa = PBXContainerItemProxy;
			containerPortal = 333381F227E38FE10000E217 /* Project object */;
			proxyType = 1;
			remoteGlobalIDString = 333381F927E38FE10000E217;
			remoteInfo = Lab06WorldTrotter;
		};
/* End PBXContainerItemProxy section */

/* Begin PBXFileReference section */
		333381FA27E38FE10000E217 /* Lab09WorldTrotter.app */ = {isa = PBXFileReference; explicitFileType = wrapper.application; includeInIndex = 0; path = Lab09WorldTrotter.app; sourceTree = BUILT_PRODUCTS_DIR; };
		333381FD27E38FE10000E217 /* AppDelegate.swift */ = {isa = PBXFileReference; lastKnownFileType = sourcecode.swift; path = AppDelegate.swift; sourceTree = "<group>"; };
		333381FF27E38FE10000E217 /* SceneDelegate.swift */ = {isa = PBXFileReference; lastKnownFileType = sourcecode.swift; path = SceneDelegate.swift; sourceTree = "<group>"; };
		3333820127E38FE10000E217 /* ConversionViewController.swift */ = {isa = PBXFileReference; lastKnownFileType = sourcecode.swift; path = ConversionViewController.swift; sourceTree = "<group>"; };
		3333820427E38FE10000E217 /* Base */ = {isa = PBXFileReference; lastKnownFileType = file.storyboard; name = Base; path = Base.lproj/Main.storyboard; sourceTree = "<group>"; };
		3333820627E38FE30000E217 /* Assets.xcassets */ = {isa = PBXFileReference; lastKnownFileType = folder.assetcatalog; path = Assets.xcassets; sourceTree = "<group>"; };
		3333820927E38FE30000E217 /* Base */ = {isa = PBXFileReference; lastKnownFileType = file.storyboard; name = Base; path = Base.lproj/LaunchScreen.storyboard; sourceTree = "<group>"; };
		3333820B27E38FE30000E217 /* Info.plist */ = {isa = PBXFileReference; lastKnownFileType = text.plist.xml; path = Info.plist; sourceTree = "<group>"; };
		3333821027E38FE40000E217 /* Lab09WorldTrotterTests.xctest */ = {isa = PBXFileReference; explicitFileType = wrapper.cfbundle; includeInIndex = 0; path = Lab09WorldTrotterTests.xctest; sourceTree = BUILT_PRODUCTS_DIR; };
		3333821427E38FE40000E217 /* Lab06WorldTrotterTests.swift */ = {isa = PBXFileReference; lastKnownFileType = sourcecode.swift; path = Lab06WorldTrotterTests.swift; sourceTree = "<group>"; };
		3333821A27E38FE40000E217 /* Lab09WorldTrotterUITests.xctest */ = {isa = PBXFileReference; explicitFileType = wrapper.cfbundle; includeInIndex = 0; path = Lab09WorldTrotterUITests.xctest; sourceTree = BUILT_PRODUCTS_DIR; };
		3333821E27E38FE40000E217 /* Lab06WorldTrotterUITests.swift */ = {isa = PBXFileReference; lastKnownFileType = sourcecode.swift; path = Lab06WorldTrotterUITests.swift; sourceTree = "<group>"; };
		3333822027E38FE40000E217 /* Lab06WorldTrotterUITestsLaunchTests.swift */ = {isa = PBXFileReference; lastKnownFileType = sourcecode.swift; path = Lab06WorldTrotterUITestsLaunchTests.swift; sourceTree = "<group>"; };
/* End PBXFileReference section */

/* Begin PBXFrameworksBuildPhase section */
		333381F727E38FE10000E217 /* Frameworks */ = {
			isa = PBXFrameworksBuildPhase;
			buildActionMask = 2147483647;
			files = (
			);
			runOnlyForDeploymentPostprocessing = 0;
		};
		3333820D27E38FE40000E217 /* Frameworks */ = {
			isa = PBXFrameworksBuildPhase;
			buildActionMask = 2147483647;
			files = (
			);
			runOnlyForDeploymentPostprocessing = 0;
		};
		3333821727E38FE40000E217 /* Frameworks */ = {
			isa = PBXFrameworksBuildPhase;
			buildActionMask = 2147483647;
			files = (
			);
			runOnlyForDeploymentPostprocessing = 0;
		};
/* End PBXFrameworksBuildPhase section */

/* Begin PBXGroup section */
		333381F127E38FE10000E217 = {
			isa = PBXGroup;
			children = (
				333381FC27E38FE10000E217 /* Lab06WorldTrotter */,
				3333821327E38FE40000E217 /* Lab06WorldTrotterTests */,
				3333821D27E38FE40000E217 /* Lab06WorldTrotterUITests */,
				333381FB27E38FE10000E217 /* Products */,
			);
			sourceTree = "<group>";
		};
		333381FB27E38FE10000E217 /* Products */ = {
			isa = PBXGroup;
			children = (
				333381FA27E38FE10000E217 /* Lab09WorldTrotter.app */,
				3333821027E38FE40000E217 /* Lab09WorldTrotterTests.xctest */,
				3333821A27E38FE40000E217 /* Lab09WorldTrotterUITests.xctest */,
			);
			name = Products;
			sourceTree = "<group>";
		};
		333381FC27E38FE10000E217 /* Lab06WorldTrotter */ = {
			isa = PBXGroup;
			children = (
				333381FD27E38FE10000E217 /* AppDelegate.swift */,
				333381FF27E38FE10000E217 /* SceneDelegate.swift */,
				3333820127E38FE10000E217 /* ConversionViewController.swift */,
				3333820327E38FE10000E217 /* Main.storyboard */,
				3333820627E38FE30000E217 /* Assets.xcassets */,
				3333820827E38FE30000E217 /* LaunchScreen.storyboard */,
				3333820B27E38FE30000E217 /* Info.plist */,
			);
			path = Lab06WorldTrotter;
			sourceTree = "<group>";
		};
		3333821327E38FE40000E217 /* Lab06WorldTrotterTests */ = {
			isa = PBXGroup;
			children = (
				3333821427E38FE40000E217 /* Lab06WorldTrotterTests.swift */,
			);
			path = Lab06WorldTrotterTests;
			sourceTree = "<group>";
		};
		3333821D27E38FE40000E217 /* Lab06WorldTrotterUITests */ = {
			isa = PBXGroup;
			children = (
				3333821E27E38FE40000E217 /* Lab06WorldTrotterUITests.swift */,
				3333822027E38FE40000E217 /* Lab06WorldTrotterUITestsLaunchTests.swift */,
			);
			path = Lab06WorldTrotterUITests;
			sourceTree = "<group>";
		};
/* End PBXGroup section */

/* Begin PBXNativeTarget section */
		333381F927E38FE10000E217 /* Lab09WorldTrotter */ = {
			isa = PBXNativeTarget;
			buildConfigurationList = 3333822427E38FE40000E217 /* Build configuration list for PBXNativeTarget "Lab09WorldTrotter" */;
			buildPhases = (
				333381F627E38FE10000E217 /* Sources */,
				333381F727E38FE10000E217 /* Frameworks */,
				333381F827E38FE10000E217 /* Resources */,
			);
			buildRules = (
			);
			dependencies = (
			);
			name = Lab09WorldTrotter;
			productName = Lab06WorldTrotter;
			productReference = 333381FA27E38FE10000E217 /* Lab09WorldTrotter.app */;
			productType = "com.apple.product-type.application";
		};
		3333820F27E38FE40000E217 /* Lab09WorldTrotterTests */ = {
			isa = PBXNativeTarget;
			buildConfigurationList = 3333822727E38FE40000E217 /* Build configuration list for PBXNativeTarget "Lab09WorldTrotterTests" */;
			buildPhases = (
				3333820C27E38FE40000E217 /* Sources */,
				3333820D27E38FE40000E217 /* Frameworks */,
				3333820E27E38FE40000E217 /* Resources */,
			);
			buildRules = (
			);
			dependencies = (
				3333821227E38FE40000E217 /* PBXTargetDependency */,
			);
			name = Lab09WorldTrotterTests;
			productName = Lab06WorldTrotterTests;
			productReference = 3333821027E38FE40000E217 /* Lab09WorldTrotterTests.xctest */;
			productType = "com.apple.product-type.bundle.unit-test";
		};
		3333821927E38FE40000E217 /* Lab09WorldTrotterUITests */ = {
			isa = PBXNativeTarget;
			buildConfigurationList = 3333822A27E38FE40000E217 /* Build configuration list for PBXNativeTarget "Lab09WorldTrotterUITests" */;
			buildPhases = (
				3333821627E38FE40000E217 /* Sources */,
				3333821727E38FE40000E217 /* Frameworks */,
				3333821827E38FE40000E217 /* Resources */,
			);
			buildRules = (
			);
			dependencies = (
				3333821C27E38FE40000E217 /* PBXTargetDependency */,
			);
			name = Lab09WorldTrotterUITests;
			productName = Lab06WorldTrotterUITests;
			productReference = 3333821A27E38FE40000E217 /* Lab09WorldTrotterUITests.xctest */;
			productType = "com.apple.product-type.bundle.ui-testing";
		};
/* End PBXNativeTarget section */

/* Begin PBXProject section */
		333381F227E38FE10000E217 /* Project object */ = {
			isa = PBXProject;
			attributes = {
				BuildIndependentTargetsInParallel = 1;
				LastSwiftUpdateCheck = 1320;
				LastUpgradeCheck = 1320;
				TargetAttributes = {
					333381F927E38FE10000E217 = {
						CreatedOnToolsVersion = 13.2.1;
					};
					3333820F27E38FE40000E217 = {
						CreatedOnToolsVersion = 13.2.1;
						TestTargetID = 333381F927E38FE10000E217;
					};
					3333821927E38FE40000E217 = {
						CreatedOnToolsVersion = 13.2.1;
						TestTargetID = 333381F927E38FE10000E217;
					};
				};
			};
			buildConfigurationList = 333381F527E38FE10000E217 /* Build configuration list for PBXProject "Lab09WorldTrotter" */;
			compatibilityVersion = "Xcode 13.0";
			developmentRegion = en;
			hasScannedForEncodings = 0;
			knownRegions = (
				en,
				Base,
			);
			mainGroup = 333381F127E38FE10000E217;
			productRefGroup = 333381FB27E38FE10000E217 /* Products */;
			projectDirPath = "";
			projectRoot = "";
			targets = (
				333381F927E38FE10000E217 /* Lab09WorldTrotter */,
				3333820F27E38FE40000E217 /* Lab09WorldTrotterTests */,
				3333821927E38FE40000E217 /* Lab09WorldTrotterUITests */,
			);
		};
/* End PBXProject section */

/* Begin PBXResourcesBuildPhase section */
		333381F827E38FE10000E217 /* Resources */ = {
			isa = PBXResourcesBuildPhase;
			buildActionMask = 2147483647;
			files = (
				3333820A27E38FE30000E217 /* LaunchScreen.storyboard in Resources */,
				3333820727E38FE30000E217 /* Assets.xcassets in Resources */,
				3333820527E38FE10000E217 /* Main.storyboard in Resources */,
			);
			runOnlyForDeploymentPostprocessing = 0;
		};
		3333820E27E38FE40000E217 /* Resources */ = {
			isa = PBXResourcesBuildPhase;
			buildActionMask = 2147483647;
			files = (
			);
			runOnlyForDeploymentPostprocessing = 0;
		};
		3333821827E38FE40000E217 /* Resources */ = {
			isa = PBXResourcesBuildPhase;
			buildActionMask = 2147483647;
			files = (
			);
			runOnlyForDeploymentPostprocessing = 0;
		};
/* End PBXResourcesBuildPhase section */

/* Begin PBXSourcesBuildPhase section */
		333381F627E38FE10000E217 /* Sources */ = {
			isa = PBXSourcesBuildPhase;
			buildActionMask = 2147483647;
			files = (
				3333820227E38FE10000E217 /* ConversionViewController.swift in Sources */,
				333381FE27E38FE10000E217 /* AppDelegate.swift in Sources */,
				3333820027E38FE10000E217 /* SceneDelegate.swift in Sources */,
			);
			runOnlyForDeploymentPostprocessing = 0;
		};
		3333820C27E38FE40000E217 /* Sources */ = {
			isa = PBXSourcesBuildPhase;
			buildActionMask = 2147483647;
			files = (
				3333821527E38FE40000E217 /* Lab06WorldTrotterTests.swift in Sources */,
			);
			runOnlyForDeploymentPostprocessing = 0;
		};
		3333821627E38FE40000E217 /* Sources */ = {
			isa = PBXSourcesBuildPhase;
			buildActionMask = 2147483647;
			files = (
				3333822127E38FE40000E217 /* Lab06WorldTrotterUITestsLaunchTests.swift in Sources */,
				3333821F27E38FE40000E217 /* Lab06WorldTrotterUITests.swift in Sources */,
			);
			runOnlyForDeploymentPostprocessing = 0;
		};
/* End PBXSourcesBuildPhase section */

/* Begin PBXTargetDependency section */
		3333821227E38FE40000E217 /* PBXTargetDependency */ = {
			isa = PBXTargetDependency;
			target = 333381F927E38FE10000E217 /* Lab09WorldTrotter */;
			targetProxy = 3333821127E38FE40000E217 /* PBXContainerItemProxy */;
		};
		3333821C27E38FE40000E217 /* PBXTargetDependency */ = {
			isa = PBXTargetDependency;
			target = 333381F927E38FE10000E217 /* Lab09WorldTrotter */;
			targetProxy = 3333821B27E38FE40000E217 /* PBXContainerItemProxy */;
		};
/* End PBXTargetDependency section */

/* Begin PBXVariantGroup section */
		3333820327E38FE10000E217 /* Main.storyboard */ = {
			isa = PBXVariantGroup;
			children = (
				3333820427E38FE10000E217 /* Base */,
			);
			name = Main.storyboard;
			sourceTree = "<group>";
		};
		3333820827E38FE30000E217 /* LaunchScreen.storyboard */ = {
			isa = PBXVariantGroup;
			children = (
				3333820927E38FE30000E217 /* Base */,
			);
			name = LaunchScreen.storyboard;
			sourceTree = "<group>";
		};
/* End PBXVariantGroup section */

/* Begin XCBuildConfiguration section */
		3333822227E38FE40000E217 /* Debug */ = {
			isa = XCBuildConfiguration;
			buildSettings = {
				ALWAYS_SEARCH_USER_PATHS = NO;
				CLANG_ANALYZER_NONNULL = YES;
				CLANG_ANALYZER_NUMBER_OBJECT_CONVERSION = YES_AGGRESSIVE;
				CLANG_CXX_LANGUAGE_STANDARD = "gnu++17";
				CLANG_CXX_LIBRARY = "libc++";
				CLANG_ENABLE_MODULES = YES;
				CLANG_ENABLE_OBJC_ARC = YES;
				CLANG_ENABLE_OBJC_WEAK = YES;
				CLANG_WARN_BLOCK_CAPTURE_AUTORELEASING = YES;
				CLANG_WARN_BOOL_CONVERSION = YES;
				CLANG_WARN_COMMA = YES;
				CLANG_WARN_CONSTANT_CONVERSION = YES;
				CLANG_WARN_DEPRECATED_OBJC_IMPLEMENTATIONS = YES;
				CLANG_WARN_DIRECT_OBJC_ISA_USAGE = YES_ERROR;
				CLANG_WARN_DOCUMENTATION_COMMENTS = YES;
				CLANG_WARN_EMPTY_BODY = YES;
				CLANG_WARN_ENUM_CONVERSION = YES;
				CLANG_WARN_INFINITE_RECURSION = YES;
				CLANG_WARN_INT_CONVERSION = YES;
				CLANG_WARN_NON_LITERAL_NULL_CONVERSION = YES;
				CLANG_WARN_OBJC_IMPLICIT_RETAIN_SELF = YES;
				CLANG_WARN_OBJC_LITERAL_CONVERSION = YES;
				CLANG_WARN_OBJC_ROOT_CLASS = YES_ERROR;
				CLANG_WARN_QUOTED_INCLUDE_IN_FRAMEWORK_HEADER = YES;
				CLANG_WARN_RANGE_LOOP_ANALYSIS = YES;
				CLANG_WARN_STRICT_PROTOTYPES = YES;
				CLANG_WARN_SUSPICIOUS_MOVE = YES;
				CLANG_WARN_UNGUARDED_AVAILABILITY = YES_AGGRESSIVE;
				CLANG_WARN_UNREACHABLE_CODE = YES;
				CLANG_WARN__DUPLICATE_METHOD_MATCH = YES;
				COPY_PHASE_STRIP = NO;
				DEBUG_INFORMATION_FORMAT = dwarf;
				ENABLE_STRICT_OBJC_MSGSEND = YES;
				ENABLE_TESTABILITY = YES;
				GCC_C_LANGUAGE_STANDARD = gnu11;
				GCC_DYNAMIC_NO_PIC = NO;
				GCC_NO_COMMON_BLOCKS = YES;
				GCC_OPTIMIZATION_LEVEL = 0;
				GCC_PREPROCESSOR_DEFINITIONS = (
					"DEBUG=1",
					"$(inherited)",
				);
				GCC_WARN_64_TO_32_BIT_CONVERSION = YES;
				GCC_WARN_ABOUT_RETURN_TYPE = YES_ERROR;
				GCC_WARN_UNDECLARED_SELECTOR = YES;
				GCC_WARN_UNINITIALIZED_AUTOS = YES_AGGRESSIVE;
				GCC_WARN_UNUSED_FUNCTION = YES;
				GCC_WARN_UNUSED_VARIABLE = YES;
				IPHONEOS_DEPLOYMENT_TARGET = 15.2;
				MTL_ENABLE_DEBUG_INFO = INCLUDE_SOURCE;
				MTL_FAST_MATH = YES;
				ONLY_ACTIVE_ARCH = YES;
				SDKROOT = iphoneos;
				SWIFT_ACTIVE_COMPILATION_CONDITIONS = DEBUG;
				SWIFT_OPTIMIZATION_LEVEL = "-Onone";
			};
			name = Debug;
		};
		3333822327E38FE40000E217 /* Release */ = {
			isa = XCBuildConfiguration;
			buildSettings = {
				ALWAYS_SEARCH_USER_PATHS = NO;
				CLANG_ANALYZER_NONNULL = YES;
				CLANG_ANALYZER_NUMBER_OBJECT_CONVERSION = YES_AGGRESSIVE;
				CLANG_CXX_LANGUAGE_STANDARD = "gnu++17";
				CLANG_CXX_LIBRARY = "libc++";
				CLANG_ENABLE_MODULES = YES;
				CLANG_ENABLE_OBJC_ARC = YES;
				CLANG_ENABLE_OBJC_WEAK = YES;
				CLANG_WARN_BLOCK_CAPTURE_AUTORELEASING = YES;
				CLANG_WARN_BOOL_CONVERSION = YES;
				CLANG_WARN_COMMA = YES;
				CLANG_WARN_CONSTANT_CONVERSION = YES;
				CLANG_WARN_DEPRECATED_OBJC_IMPLEMENTATIONS = YES;
				CLANG_WARN_DIRECT_OBJC_ISA_USAGE = YES_ERROR;
				CLANG_WARN_DOCUMENTATION_COMMENTS = YES;
				CLANG_WARN_EMPTY_BODY = YES;
				CLANG_WARN_ENUM_CONVERSION = YES;
				CLANG_WARN_INFINITE_RECURSION = YES;
				CLANG_WARN_INT_CONVERSION = YES;
				CLANG_WARN_NON_LITERAL_NULL_CONVERSION = YES;
				CLANG_WARN_OBJC_IMPLICIT_RETAIN_SELF = YES;
				CLANG_WARN_OBJC_LITERAL_CONVERSION = YES;
				CLANG_WARN_OBJC_ROOT_CLASS = YES_ERROR;
				CLANG_WARN_QUOTED_INCLUDE_IN_FRAMEWORK_HEADER = YES;
				CLANG_WARN_RANGE_LOOP_ANALYSIS = YES;
				CLANG_WARN_STRICT_PROTOTYPES = YES;
				CLANG_WARN_SUSPICIOUS_MOVE = YES;
				CLANG_WARN_UNGUARDED_AVAILABILITY = YES_AGGRESSIVE;
				CLANG_WARN_UNREACHABLE_CODE = YES;
				CLANG_WARN__DUPLICATE_METHOD_MATCH = YES;
				COPY_PHASE_STRIP = NO;
				DEBUG_INFORMATION_FORMAT = "dwarf-with-dsym";
				ENABLE_NS_ASSERTIONS = NO;
				ENABLE_STRICT_OBJC_MSGSEND = YES;
				GCC_C_LANGUAGE_STANDARD = gnu11;
				GCC_NO_COMMON_BLOCKS = YES;
				GCC_WARN_64_TO_32_BIT_CONVERSION = YES;
				GCC_WARN_ABOUT_RETURN_TYPE = YES_ERROR;
				GCC_WARN_UNDECLARED_SELECTOR = YES;
				GCC_WARN_UNINITIALIZED_AUTOS = YES_AGGRESSIVE;
				GCC_WARN_UNUSED_FUNCTION = YES;
				GCC_WARN_UNUSED_VARIABLE = YES;
				IPHONEOS_DEPLOYMENT_TARGET = 15.2;
				MTL_ENABLE_DEBUG_INFO = NO;
				MTL_FAST_MATH = YES;
				SDKROOT = iphoneos;
				SWIFT_COMPILATION_MODE = wholemodule;
				SWIFT_OPTIMIZATION_LEVEL = "-O";
				VALIDATE_PRODUCT = YES;
			};
			name = Release;
		};
		3333822527E38FE40000E217 /* Debug */ = {
			isa = XCBuildConfiguration;
			buildSettings = {
				ASSETCATALOG_COMPILER_APPICON_NAME = AppIcon;
				ASSETCATALOG_COMPILER_GLOBAL_ACCENT_COLOR_NAME = AccentColor;
				CODE_SIGN_STYLE = Automatic;
				CURRENT_PROJECT_VERSION = 1;
				DEVELOPMENT_TEAM = W8Z4HGTFUW;
				GENERATE_INFOPLIST_FILE = YES;
				INFOPLIST_FILE = Lab06WorldTrotter/Info.plist;
				INFOPLIST_KEY_UIApplicationSupportsIndirectInputEvents = YES;
				INFOPLIST_KEY_UILaunchStoryboardName = LaunchScreen;
				INFOPLIST_KEY_UIMainStoryboardFile = Main;
				INFOPLIST_KEY_UISupportedInterfaceOrientations_iPad = "UIInterfaceOrientationPortrait UIInterfaceOrientationPortraitUpsideDown UIInterfaceOrientationLandscapeLeft UIInterfaceOrientationLandscapeRight";
				INFOPLIST_KEY_UISupportedInterfaceOrientations_iPhone = "UIInterfaceOrientationPortrait UIInterfaceOrientationLandscapeLeft UIInterfaceOrientationLandscapeRight";
				LD_RUNPATH_SEARCH_PATHS = (
					"$(inherited)",
					"@executable_path/Frameworks",
				);
				MARKETING_VERSION = 1.0;
				PRODUCT_BUNDLE_IDENTIFIER = edu.athens.Lab06WorldTrotter;
				PRODUCT_NAME = "$(TARGET_NAME)";
				SWIFT_EMIT_LOC_STRINGS = YES;
				SWIFT_VERSION = 5.0;
				TARGETED_DEVICE_FAMILY = "1,2";
			};
			name = Debug;
		};
		3333822627E38FE40000E217 /* Release */ = {
			isa = XCBuildConfiguration;
			buildSettings = {
				ASSETCATALOG_COMPILER_APPICON_NAME = AppIcon;
				ASSETCATALOG_COMPILER_GLOBAL_ACCENT_COLOR_NAME = AccentColor;
				CODE_SIGN_STYLE = Automatic;
				CURRENT_PROJECT_VERSION = 1;
				DEVELOPMENT_TEAM = W8Z4HGTFUW;
				GENERATE_INFOPLIST_FILE = YES;
				INFOPLIST_FILE = Lab06WorldTrotter/Info.plist;
				INFOPLIST_KEY_UIApplicationSupportsIndirectInputEvents = YES;
				INFOPLIST_KEY_UILaunchStoryboardName = LaunchScreen;
				INFOPLIST_KEY_UIMainStoryboardFile = Main;
				INFOPLIST_KEY_UISupportedInterfaceOrientations_iPad = "UIInterfaceOrientationPortrait UIInterfaceOrientationPortraitUpsideDown UIInterfaceOrientationLandscapeLeft UIInterfaceOrientationLandscapeRight";
				INFOPLIST_KEY_UISupportedInterfaceOrientations_iPhone = "UIInterfaceOrientationPortrait UIInterfaceOrientationLandscapeLeft UIInterfaceOrientationLandscapeRight";
				LD_RUNPATH_SEARCH_PATHS = (
					"$(inherited)",
					"@executable_path/Frameworks",
				);
				MARKETING_VERSION = 1.0;
				PRODUCT_BUNDLE_IDENTIFIER = edu.athens.Lab06WorldTrotter;
				PRODUCT_NAME = "$(TARGET_NAME)";
				SWIFT_EMIT_LOC_STRINGS = YES;
				SWIFT_VERSION = 5.0;
				TARGETED_DEVICE_FAMILY = "1,2";
			};
			name = Release;
		};
		3333822827E38FE40000E217 /* Debug */ = {
			isa = XCBuildConfiguration;
			buildSettings = {
				ALWAYS_EMBED_SWIFT_STANDARD_LIBRARIES = YES;
				BUNDLE_LOADER = "$(TEST_HOST)";
				CODE_SIGN_STYLE = Automatic;
				CURRENT_PROJECT_VERSION = 1;
				GENERATE_INFOPLIST_FILE = YES;
				IPHONEOS_DEPLOYMENT_TARGET = 15.2;
				MARKETING_VERSION = 1.0;
				PRODUCT_BUNDLE_IDENTIFIER = edu.athens.Lab06WorldTrotterTests;
				PRODUCT_NAME = "$(TARGET_NAME)";
				SWIFT_EMIT_LOC_STRINGS = NO;
				SWIFT_VERSION = 5.0;
				TARGETED_DEVICE_FAMILY = "1,2";
				TEST_HOST = "$(BUILT_PRODUCTS_DIR)/Lab09WorldTrotter.app/Lab09WorldTrotter";
			};
			name = Debug;
		};
		3333822927E38FE40000E217 /* Release */ = {
			isa = XCBuildConfiguration;
			buildSettings = {
				ALWAYS_EMBED_SWIFT_STANDARD_LIBRARIES = YES;
				BUNDLE_LOADER = "$(TEST_HOST)";
				CODE_SIGN_STYLE = Automatic;
				CURRENT_PROJECT_VERSION = 1;
				GENERATE_INFOPLIST_FILE = YES;
				IPHONEOS_DEPLOYMENT_TARGET = 15.2;
				MARKETING_VERSION = 1.0;
				PRODUCT_BUNDLE_IDENTIFIER = edu.athens.Lab06WorldTrotterTests;
				PRODUCT_NAME = "$(TARGET_NAME)";
				SWIFT_EMIT_LOC_STRINGS = NO;
				SWIFT_VERSION = 5.0;
				TARGETED_DEVICE_FAMILY = "1,2";
				TEST_HOST = "$(BUILT_PRODUCTS_DIR)/Lab09WorldTrotter.app/Lab09WorldTrotter";
			};
			name = Release;
		};
		3333822B27E38FE40000E217 /* Debug */ = {
			isa = XCBuildConfiguration;
			buildSettings = {
				ALWAYS_EMBED_SWIFT_STANDARD_LIBRARIES = YES;
				CODE_SIGN_STYLE = Automatic;
				CURRENT_PROJECT_VERSION = 1;
				GENERATE_INFOPLIST_FILE = YES;
				MARKETING_VERSION = 1.0;
				PRODUCT_BUNDLE_IDENTIFIER = edu.athens.Lab06WorldTrotterUITests;
				PRODUCT_NAME = "$(TARGET_NAME)";
				SWIFT_EMIT_LOC_STRINGS = NO;
				SWIFT_VERSION = 5.0;
				TARGETED_DEVICE_FAMILY = "1,2";
				TEST_TARGET_NAME = Lab06WorldTrotter;
			};
			name = Debug;
		};
		3333822C27E38FE40000E217 /* Release */ = {
			isa = XCBuildConfiguration;
			buildSettings = {
				ALWAYS_EMBED_SWIFT_STANDARD_LIBRARIES = YES;
				CODE_SIGN_STYLE = Automatic;
				CURRENT_PROJECT_VERSION = 1;
				GENERATE_INFOPLIST_FILE = YES;
				MARKETING_VERSION = 1.0;
				PRODUCT_BUNDLE_IDENTIFIER = edu.athens.Lab06WorldTrotterUITests;
				PRODUCT_NAME = "$(TARGET_NAME)";
				SWIFT_EMIT_LOC_STRINGS = NO;
				SWIFT_VERSION = 5.0;
				TARGETED_DEVICE_FAMILY = "1,2";
				TEST_TARGET_NAME = Lab06WorldTrotter;
			};
			name = Release;
		};
/* End XCBuildConfiguration section */

/* Begin XCConfigurationList section */
		333381F527E38FE10000E217 /* Build configuration list for PBXProject "Lab09WorldTrotter" */ = {
			isa = XCConfigurationList;
			buildConfigurations = (
				3333822227E38FE40000E217 /* Debug */,
				3333822327E38FE40000E217 /* Release */,
			);
			defaultConfigurationIsVisible = 0;
			defaultConfigurationName = Release;
		};
		3333822427E38FE40000E217 /* Build configuration list for PBXNativeTarget "Lab09WorldTrotter" */ = {
			isa = XCConfigurationList;
			buildConfigurations = (
				3333822527E38FE40000E217 /* Debug */,
				3333822627E38FE40000E217 /* Release */,
			);
			defaultConfigurationIsVisible = 0;
			defaultConfigurationName = Release;
		};
		3333822727E38FE40000E217 /* Build configuration list for PBXNativeTarget "Lab09WorldTrotterTests" */ = {
			isa = XCConfigurationList;
			buildConfigurations = (
				3333822827E38FE40000E217 /* Debug */,
				3333822927E38FE40000E217 /* Release */,
			);
			defaultConfigurationIsVisible = 0;
			defaultConfigurationName = Release;
		};
		3333822A27E38FE40000E217 /* Build configuration list for PBXNativeTarget "Lab09WorldTrotterUITests" */ = {
			isa = XCConfigurationList;
			buildConfigurations = (
				3333822B27E38FE40000E217 /* Debug */,
				3333822C27E38FE40000E217 /* Release */,
			);
			defaultConfigurationIsVisible = 0;
			defaultConfigurationName = Release;
		};
/* End XCConfigurationList section */
	};
	rootObject = 333381F227E38FE10000E217 /* Project object */;
}
